
Microsoft Visual Studio Solution File, Format Version 12.00
# Visual Studio Version 17
VisualStudioVersion = 17.14.36623.8 d17.14
MinimumVisualStudioVersion = 10.0.40219.1
Project("{FAE04EC0-301F-11D3-BF4B-00C04F79EFBC}") = "DigitalShoppingBasket", "WebApplication1\DigitalShoppingBasket.csproj", "{F96868F4-EEE8-4334-B58D-D7B44B6B4027}"
EndProject
Global
	GlobalSection(SolutionConfigurationPlatforms) = preSolution
		Debug|Any CPU = Debug|Any CPU
		Release|Any CPU = Release|Any CPU
	EndGlobalSection
	GlobalSection(ProjectConfigurationPlatforms) = postSolution
		{F96868F4-EEE8-4334-B58D-D7B44B6B4027}.Debug|Any CPU.ActiveCfg = Debug|Any CPU
		{F96868F4-EEE8-4334-B58D-D7B44B6B4027}.Debug|Any CPU.Build.0 = Debug|Any CPU
		{F96868F4-EEE8-4334-B58D-D7B44B6B4027}.Release|Any CPU.ActiveCfg = Release|Any CPU
		{F96868F4-EEE8-4334-B58D-D7B44B6B4027}.Release|Any CPU.Build.0 = Release|Any CPU
	EndGlobalSection
	GlobalSection(SolutionProperties) = preSolution
		HideSolutionNode = FALSE
	EndGlobalSection
	GlobalSection(ExtensibilityGlobals) = postSolution
		SolutionGuid = {F99E0792-CFDF-4E5D-A771-C1F738B581F9}
	EndGlobalSection
EndGlobal
